// !$*UTF8*$!
{
	archiveVersion = 1;
	classes = {
	};
	objectVersion = 50;
	objects = {

/* Begin PBXBuildFile section */
		A714E7042D39F55A00C5FF60 /* InicioView.swift in Sources */ = {isa = PBXBuildFile; fileRef = A714E7032D39F55A00C5FF60 /* InicioView.swift */; };
		A714E7072D39FAC300C5FF60 /* NoticiaModel.swift in Sources */ = {isa = PBXBuildFile; fileRef = A714E7062D39FAC300C5FF60 /* NoticiaModel.swift */; };
		A714E70A2D39FB7E00C5FF60 /* NoticiaFeedView.swift in Sources */ = {isa = PBXBuildFile; fileRef = A714E7092D39FB7E00C5FF60 /* NoticiaFeedView.swift */; };
		A714E70E2D39FDFC00C5FF60 /* NoticiaFeedViewModel.swift in Sources */ = {isa = PBXBuildFile; fileRef = A714E70D2D39FDFB00C5FF60 /* NoticiaFeedViewModel.swift */; };
		A7442DAE2D374C3D00233481 /* NavigationTestView.swift in Sources */ = {isa = PBXBuildFile; fileRef = A7442DAD2D374C3D00233481 /* NavigationTestView.swift */; };
		A7EBD90C2D31FF5300F6BE82 /* TabsAppApp.swift in Sources */ = {isa = PBXBuildFile; fileRef = A7EBD90B2D31FF5300F6BE82 /* TabsAppApp.swift */; };
		A7EBD90E2D31FF5300F6BE82 /* ContentView.swift in Sources */ = {isa = PBXBuildFile; fileRef = A7EBD90D2D31FF5300F6BE82 /* ContentView.swift */; };
		A7EBD9102D31FF5500F6BE82 /* Assets.xcassets in Resources */ = {isa = PBXBuildFile; fileRef = A7EBD90F2D31FF5500F6BE82 /* Assets.xcassets */; };
		A7EBD9132D31FF5500F6BE82 /* Preview Assets.xcassets in Resources */ = {isa = PBXBuildFile; fileRef = A7EBD9122D31FF5500F6BE82 /* Preview Assets.xcassets */; };
		A7EBD9202D3201BA00F6BE82 /* NoticiaIndividualView.swift in Sources */ = {isa = PBXBuildFile; fileRef = A7EBD91F2D3201BA00F6BE82 /* NoticiaIndividualView.swift */; };
		A7EBD9252D32030100F6BE82 /* ConveniosView.swift in Sources */ = {isa = PBXBuildFile; fileRef = A7EBD9242D32030100F6BE82 /* ConveniosView.swift */; };
/* End PBXBuildFile section */

/* Begin PBXFileReference section */
		A714E7032D39F55A00C5FF60 /* InicioView.swift */ = {isa = PBXFileReference; lastKnownFileType = sourcecode.swift; path = InicioView.swift; sourceTree = "<group>"; };
		A714E7062D39FAC300C5FF60 /* NoticiaModel.swift */ = {isa = PBXFileReference; lastKnownFileType = sourcecode.swift; path = NoticiaModel.swift; sourceTree = "<group>"; };
		A714E7092D39FB7E00C5FF60 /* NoticiaFeedView.swift */ = {isa = PBXFileReference; lastKnownFileType = sourcecode.swift; path = NoticiaFeedView.swift; sourceTree = "<group>"; };
		A714E70D2D39FDFB00C5FF60 /* NoticiaFeedViewModel.swift */ = {isa = PBXFileReference; lastKnownFileType = sourcecode.swift; path = NoticiaFeedViewModel.swift; sourceTree = "<group>"; };
		A7442DAD2D374C3D00233481 /* NavigationTestView.swift */ = {isa = PBXFileReference; lastKnownFileType = sourcecode.swift; path = NavigationTestView.swift; sourceTree = "<group>"; };
		A7EBD9082D31FF5300F6BE82 /* TabsApp.app */ = {isa = PBXFileReference; explicitFileType = wrapper.application; includeInIndex = 0; path = TabsApp.app; sourceTree = BUILT_PRODUCTS_DIR; };
		A7EBD90B2D31FF5300F6BE82 /* TabsAppApp.swift */ = {isa = PBXFileReference; lastKnownFileType = sourcecode.swift; path = TabsAppApp.swift; sourceTree = "<group>"; };
		A7EBD90D2D31FF5300F6BE82 /* ContentView.swift */ = {isa = PBXFileReference; lastKnownFileType = sourcecode.swift; path = ContentView.swift; sourceTree = "<group>"; };
		A7EBD90F2D31FF5500F6BE82 /* Assets.xcassets */ = {isa = PBXFileReference; lastKnownFileType = folder.assetcatalog; path = Assets.xcassets; sourceTree = "<group>"; };
		A7EBD9122D31FF5500F6BE82 /* Preview Assets.xcassets */ = {isa = PBXFileReference; lastKnownFileType = folder.assetcatalog; path = "Preview Assets.xcassets"; sourceTree = "<group>"; };
		A7EBD9142D31FF5500F6BE82 /* Info.plist */ = {isa = PBXFileReference; lastKnownFileType = text.plist.xml; path = Info.plist; sourceTree = "<group>"; };
		A7EBD91F2D3201BA00F6BE82 /* NoticiaIndividualView.swift */ = {isa = PBXFileReference; lastKnownFileType = sourcecode.swift; path = NoticiaIndividualView.swift; sourceTree = "<group>"; };
		A7EBD9242D32030100F6BE82 /* ConveniosView.swift */ = {isa = PBXFileReference; lastKnownFileType = sourcecode.swift; path = ConveniosView.swift; sourceTree = "<group>"; };
/* End PBXFileReference section */

/* Begin PBXFrameworksBuildPhase section */
		A7EBD9052D31FF5200F6BE82 /* Frameworks */ = {
			isa = PBXFrameworksBuildPhase;
			buildActionMask = 2147483647;
			files = (
			);
			runOnlyForDeploymentPostprocessing = 0;
		};
/* End PBXFrameworksBuildPhase section */

/* Begin PBXGroup section */
		A714E70C2D39FDAA00C5FF60 /* views */ = {
			isa = PBXGroup;
			children = (
				A7EBD91F2D3201BA00F6BE82 /* NoticiaIndividualView.swift */,
				A714E7032D39F55A00C5FF60 /* InicioView.swift */,
				A714E7092D39FB7E00C5FF60 /* NoticiaFeedView.swift */,
			);
			path = views;
			sourceTree = "<group>";
		};
		A7442DA82D374A7D00233481 /* Inicio */ = {
			isa = PBXGroup;
			children = (
				A714E70C2D39FDAA00C5FF60 /* views */,
				A714E7062D39FAC300C5FF60 /* NoticiaModel.swift */,
				A714E70D2D39FDFB00C5FF60 /* NoticiaFeedViewModel.swift */,
			);
			path = Inicio;
			sourceTree = "<group>";
		};
		A7442DAC2D374BED00233481 /* Borrador */ = {
			isa = PBXGroup;
			children = (
				A7442DAD2D374C3D00233481 /* NavigationTestView.swift */,
			);
			path = Borrador;
			sourceTree = "<group>";
		};
		A7EBD8FF2D31FF5200F6BE82 = {
			isa = PBXGroup;
			children = (
				A7EBD90A2D31FF5300F6BE82 /* TabsApp */,
				A7EBD9092D31FF5300F6BE82 /* Products */,
			);
			sourceTree = "<group>";
		};
		A7EBD9092D31FF5300F6BE82 /* Products */ = {
			isa = PBXGroup;
			children = (
				A7EBD9082D31FF5300F6BE82 /* TabsApp.app */,
			);
			name = Products;
			sourceTree = "<group>";
		};
		A7EBD90A2D31FF5300F6BE82 /* TabsApp */ = {
			isa = PBXGroup;
			children = (
				A7442DA82D374A7D00233481 /* Inicio */,
				A7442DAC2D374BED00233481 /* Borrador */,
				A7EBD91D2D31FFD600F6BE82 /* Directorio */,
				A7EBD91C2D31FFCF00F6BE82 /* ID */,
				A7EBD91B2D31FFBB00F6BE82 /* Notificaciones */,
				A7EBD90B2D31FF5300F6BE82 /* TabsAppApp.swift */,
				A7EBD90D2D31FF5300F6BE82 /* ContentView.swift */,
				A7EBD90F2D31FF5500F6BE82 /* Assets.xcassets */,
				A7EBD9142D31FF5500F6BE82 /* Info.plist */,
				A7EBD9112D31FF5500F6BE82 /* Preview Content */,
			);
			path = TabsApp;
			sourceTree = "<group>";
		};
		A7EBD9112D31FF5500F6BE82 /* Preview Content */ = {
			isa = PBXGroup;
			children = (
				A7EBD9122D31FF5500F6BE82 /* Preview Assets.xcassets */,
			);
			path = "Preview Content";
			sourceTree = "<group>";
		};
		A7EBD91B2D31FFBB00F6BE82 /* Notificaciones */ = {
			isa = PBXGroup;
			children = (
			);
			path = Notificaciones;
			sourceTree = "<group>";
		};
		A7EBD91C2D31FFCF00F6BE82 /* ID */ = {
			isa = PBXGroup;
			children = (
				A7EBD9242D32030100F6BE82 /* ConveniosView.swift */,
			);
			path = ID;
			sourceTree = "<group>";
		};
		A7EBD91D2D31FFD600F6BE82 /* Directorio */ = {
			isa = PBXGroup;
			children = (
			);
			path = Directorio;
			sourceTree = "<group>";
		};
/* End PBXGroup section */

/* Begin PBXNativeTarget section */
		A7EBD9072D31FF5200F6BE82 /* TabsApp */ = {
			isa = PBXNativeTarget;
			buildConfigurationList = A7EBD9172D31FF5500F6BE82 /* Build configuration list for PBXNativeTarget "TabsApp" */;
			buildPhases = (
				A7EBD9042D31FF5200F6BE82 /* Sources */,
				A7EBD9052D31FF5200F6BE82 /* Frameworks */,
				A7EBD9062D31FF5200F6BE82 /* Resources */,
			);
			buildRules = (
			);
			dependencies = (
			);
			name = TabsApp;
			productName = TabsApp;
			productReference = A7EBD9082D31FF5300F6BE82 /* TabsApp.app */;
			productType = "com.apple.product-type.application";
		};
/* End PBXNativeTarget section */

/* Begin PBXProject section */
		A7EBD9002D31FF5200F6BE82 /* Project object */ = {
			isa = PBXProject;
			attributes = {
				LastSwiftUpdateCheck = 1240;
				LastUpgradeCheck = 1240;
				TargetAttributes = {
					A7EBD9072D31FF5200F6BE82 = {
						CreatedOnToolsVersion = 12.4;
					};
				};
			};
			buildConfigurationList = A7EBD9032D31FF5200F6BE82 /* Build configuration list for PBXProject "TabsApp" */;
			compatibilityVersion = "Xcode 9.3";
			developmentRegion = en;
			hasScannedForEncodings = 0;
			knownRegions = (
				en,
				Base,
			);
			mainGroup = A7EBD8FF2D31FF5200F6BE82;
			productRefGroup = A7EBD9092D31FF5300F6BE82 /* Products */;
			projectDirPath = "";
			projectRoot = "";
			targets = (
				A7EBD9072D31FF5200F6BE82 /* TabsApp */,
			);
		};
/* End PBXProject section */

/* Begin PBXResourcesBuildPhase section */
		A7EBD9062D31FF5200F6BE82 /* Resources */ = {
			isa = PBXResourcesBuildPhase;
			buildActionMask = 2147483647;
			files = (
				A7EBD9132D31FF5500F6BE82 /* Preview Assets.xcassets in Resources */,
				A7EBD9102D31FF5500F6BE82 /* Assets.xcassets in Resources */,
			);
			runOnlyForDeploymentPostprocessing = 0;
		};
/* End PBXResourcesBuildPhase section */

/* Begin PBXSourcesBuildPhase section */
		A7EBD9042D31FF5200F6BE82 /* Sources */ = {
			isa = PBXSourcesBuildPhase;
			buildActionMask = 2147483647;
			files = (
				A7EBD9202D3201BA00F6BE82 /* NoticiaIndividualView.swift in Sources */,
				A714E70E2D39FDFC00C5FF60 /* NoticiaFeedViewModel.swift in Sources */,
				A714E7042D39F55A00C5FF60 /* InicioView.swift in Sources */,
				A7442DAE2D374C3D00233481 /* NavigationTestView.swift in Sources */,
				A7EBD9252D32030100F6BE82 /* ConveniosView.swift in Sources */,
				A7EBD90E2D31FF5300F6BE82 /* ContentView.swift in Sources */,
				A7EBD90C2D31FF5300F6BE82 /* TabsAppApp.swift in Sources */,
				A714E70A2D39FB7E00C5FF60 /* NoticiaFeedView.swift in Sources */,
				A714E7072D39FAC300C5FF60 /* NoticiaModel.swift in Sources */,
			);
			runOnlyForDeploymentPostprocessing = 0;
		};
/* End PBXSourcesBuildPhase section */

/* Begin XCBuildConfiguration section */
		A7EBD9152D31FF5500F6BE82 /* Debug */ = {
			isa = XCBuildConfiguration;
			buildSettings = {
				ALWAYS_SEARCH_USER_PATHS = NO;
				CLANG_ANALYZER_NONNULL = YES;
				CLANG_ANALYZER_NUMBER_OBJECT_CONVERSION = YES_AGGRESSIVE;
				CLANG_CXX_LANGUAGE_STANDARD = "gnu++14";
				CLANG_CXX_LIBRARY = "libc++";
				CLANG_ENABLE_MODULES = YES;
				CLANG_ENABLE_OBJC_ARC = YES;
				CLANG_ENABLE_OBJC_WEAK = YES;
				CLANG_WARN_BLOCK_CAPTURE_AUTORELEASING = YES;
				CLANG_WARN_BOOL_CONVERSION = YES;
				CLANG_WARN_COMMA = YES;
				CLANG_WARN_CONSTANT_CONVERSION = YES;
				CLANG_WARN_DEPRECATED_OBJC_IMPLEMENTATIONS = YES;
				CLANG_WARN_DIRECT_OBJC_ISA_USAGE = YES_ERROR;
				CLANG_WARN_DOCUMENTATION_COMMENTS = YES;
				CLANG_WARN_EMPTY_BODY = YES;
				CLANG_WARN_ENUM_CONVERSION = YES;
				CLANG_WARN_INFINITE_RECURSION = YES;
				CLANG_WARN_INT_CONVERSION = YES;
				CLANG_WARN_NON_LITERAL_NULL_CONVERSION = YES;
				CLANG_WARN_OBJC_IMPLICIT_RETAIN_SELF = YES;
				CLANG_WARN_OBJC_LITERAL_CONVERSION = YES;
				CLANG_WARN_OBJC_ROOT_CLASS = YES_ERROR;
				CLANG_WARN_QUOTED_INCLUDE_IN_FRAMEWORK_HEADER = YES;
				CLANG_WARN_RANGE_LOOP_ANALYSIS = YES;
				CLANG_WARN_STRICT_PROTOTYPES = YES;
				CLANG_WARN_SUSPICIOUS_MOVE = YES;
				CLANG_WARN_UNGUARDED_AVAILABILITY = YES_AGGRESSIVE;
				CLANG_WARN_UNREACHABLE_CODE = YES;
				CLANG_WARN__DUPLICATE_METHOD_MATCH = YES;
				COPY_PHASE_STRIP = NO;
				DEBUG_INFORMATION_FORMAT = dwarf;
				ENABLE_STRICT_OBJC_MSGSEND = YES;
				ENABLE_TESTABILITY = YES;
				GCC_C_LANGUAGE_STANDARD = gnu11;
				GCC_DYNAMIC_NO_PIC = NO;
				GCC_NO_COMMON_BLOCKS = YES;
				GCC_OPTIMIZATION_LEVEL = 0;
				GCC_PREPROCESSOR_DEFINITIONS = (
					"DEBUG=1",
					"$(inherited)",
				);
				GCC_WARN_64_TO_32_BIT_CONVERSION = YES;
				GCC_WARN_ABOUT_RETURN_TYPE = YES_ERROR;
				GCC_WARN_UNDECLARED_SELECTOR = YES;
				GCC_WARN_UNINITIALIZED_AUTOS = YES_AGGRESSIVE;
				GCC_WARN_UNUSED_FUNCTION = YES;
				GCC_WARN_UNUSED_VARIABLE = YES;
				IPHONEOS_DEPLOYMENT_TARGET = 14.4;
				MTL_ENABLE_DEBUG_INFO = INCLUDE_SOURCE;
				MTL_FAST_MATH = YES;
				ONLY_ACTIVE_ARCH = YES;
				SDKROOT = iphoneos;
				SWIFT_ACTIVE_COMPILATION_CONDITIONS = DEBUG;
				SWIFT_OPTIMIZATION_LEVEL = "-Onone";
			};
			name = Debug;
		};
		A7EBD9162D31FF5500F6BE82 /* Release */ = {
			isa = XCBuildConfiguration;
			buildSettings = {
				ALWAYS_SEARCH_USER_PATHS = NO;
				CLANG_ANALYZER_NONNULL = YES;
				CLANG_ANALYZER_NUMBER_OBJECT_CONVERSION = YES_AGGRESSIVE;
				CLANG_CXX_LANGUAGE_STANDARD = "gnu++14";
				CLANG_CXX_LIBRARY = "libc++";
				CLANG_ENABLE_MODULES = YES;
				CLANG_ENABLE_OBJC_ARC = YES;
				CLANG_ENABLE_OBJC_WEAK = YES;
				CLANG_WARN_BLOCK_CAPTURE_AUTORELEASING = YES;
				CLANG_WARN_BOOL_CONVERSION = YES;
				CLANG_WARN_COMMA = YES;
				CLANG_WARN_CONSTANT_CONVERSION = YES;
				CLANG_WARN_DEPRECATED_OBJC_IMPLEMENTATIONS = YES;
				CLANG_WARN_DIRECT_OBJC_ISA_USAGE = YES_ERROR;
				CLANG_WARN_DOCUMENTATION_COMMENTS = YES;
				CLANG_WARN_EMPTY_BODY = YES;
				CLANG_WARN_ENUM_CONVERSION = YES;
				CLANG_WARN_INFINITE_RECURSION = YES;
				CLANG_WARN_INT_CONVERSION = YES;
				CLANG_WARN_NON_LITERAL_NULL_CONVERSION = YES;
				CLANG_WARN_OBJC_IMPLICIT_RETAIN_SELF = YES;
				CLANG_WARN_OBJC_LITERAL_CONVERSION = YES;
				CLANG_WARN_OBJC_ROOT_CLASS = YES_ERROR;
				CLANG_WARN_QUOTED_INCLUDE_IN_FRAMEWORK_HEADER = YES;
				CLANG_WARN_RANGE_LOOP_ANALYSIS = YES;
				CLANG_WARN_STRICT_PROTOTYPES = YES;
				CLANG_WARN_SUSPICIOUS_MOVE = YES;
				CLANG_WARN_UNGUARDED_AVAILABILITY = YES_AGGRESSIVE;
				CLANG_WARN_UNREACHABLE_CODE = YES;
				CLANG_WARN__DUPLICATE_METHOD_MATCH = YES;
				COPY_PHASE_STRIP = NO;
				DEBUG_INFORMATION_FORMAT = "dwarf-with-dsym";
				ENABLE_NS_ASSERTIONS = NO;
				ENABLE_STRICT_OBJC_MSGSEND = YES;
				GCC_C_LANGUAGE_STANDARD = gnu11;
				GCC_NO_COMMON_BLOCKS = YES;
				GCC_WARN_64_TO_32_BIT_CONVERSION = YES;
				GCC_WARN_ABOUT_RETURN_TYPE = YES_ERROR;
				GCC_WARN_UNDECLARED_SELECTOR = YES;
				GCC_WARN_UNINITIALIZED_AUTOS = YES_AGGRESSIVE;
				GCC_WARN_UNUSED_FUNCTION = YES;
				GCC_WARN_UNUSED_VARIABLE = YES;
				IPHONEOS_DEPLOYMENT_TARGET = 14.4;
				MTL_ENABLE_DEBUG_INFO = NO;
				MTL_FAST_MATH = YES;
				SDKROOT = iphoneos;
				SWIFT_COMPILATION_MODE = wholemodule;
				SWIFT_OPTIMIZATION_LEVEL = "-O";
				VALIDATE_PRODUCT = YES;
			};
			name = Release;
		};
		A7EBD9182D31FF5500F6BE82 /* Debug */ = {
			isa = XCBuildConfiguration;
			buildSettings = {
				ASSETCATALOG_COMPILER_APPICON_NAME = AppIcon;
				ASSETCATALOG_COMPILER_GLOBAL_ACCENT_COLOR_NAME = AccentColor;
				CODE_SIGN_STYLE = Automatic;
				DEVELOPMENT_ASSET_PATHS = "\"TabsApp/Preview Content\"";
				ENABLE_PREVIEWS = YES;
				INFOPLIST_FILE = TabsApp/Info.plist;
				IPHONEOS_DEPLOYMENT_TARGET = 14.0;
				LD_RUNPATH_SEARCH_PATHS = (
					"$(inherited)",
					"@executable_path/Frameworks",
				);
				PRODUCT_BUNDLE_IDENTIFIER = sie.edu.TabsApp;
				PRODUCT_NAME = "$(TARGET_NAME)";
				SWIFT_VERSION = 5.0;
				TARGETED_DEVICE_FAMILY = "1,2";
			};
			name = Debug;
		};
		A7EBD9192D31FF5500F6BE82 /* Release */ = {
			isa = XCBuildConfiguration;
			buildSettings = {
				ASSETCATALOG_COMPILER_APPICON_NAME = AppIcon;
				ASSETCATALOG_COMPILER_GLOBAL_ACCENT_COLOR_NAME = AccentColor;
				CODE_SIGN_STYLE = Automatic;
				DEVELOPMENT_ASSET_PATHS = "\"TabsApp/Preview Content\"";
				ENABLE_PREVIEWS = YES;
				INFOPLIST_FILE = TabsApp/Info.plist;
				IPHONEOS_DEPLOYMENT_TARGET = 14.0;
				LD_RUNPATH_SEARCH_PATHS = (
					"$(inherited)",
					"@executable_path/Frameworks",
				);
				PRODUCT_BUNDLE_IDENTIFIER = sie.edu.TabsApp;
				PRODUCT_NAME = "$(TARGET_NAME)";
				SWIFT_VERSION = 5.0;
				TARGETED_DEVICE_FAMILY = "1,2";
			};
			name = Release;
		};
/* End XCBuildConfiguration section */

/* Begin XCConfigurationList section */
		A7EBD9032D31FF5200F6BE82 /* Build configuration list for PBXProject "TabsApp" */ = {
			isa = XCConfigurationList;
			buildConfigurations = (
				A7EBD9152D31FF5500F6BE82 /* Debug */,
				A7EBD9162D31FF5500F6BE82 /* Release */,
			);
			defaultConfigurationIsVisible = 0;
			defaultConfigurationName = Release;
		};
		A7EBD9172D31FF5500F6BE82 /* Build configuration list for PBXNativeTarget "TabsApp" */ = {
			isa = XCConfigurationList;
			buildConfigurations = (
				A7EBD9182D31FF5500F6BE82 /* Debug */,
				A7EBD9192D31FF5500F6BE82 /* Release */,
			);
			defaultConfigurationIsVisible = 0;
			defaultConfigurationName = Release;
		};
/* End XCConfigurationList section */
	};
	rootObject = A7EBD9002D31FF5200F6BE82 /* Project object */;
}
